GEM
  remote: https://rubygems.org/
  specs:
    aws-eventstream (1.4.0)
    aws-partitions (1.1256.0)
    aws-sdk-core (3.251.0)
      aws-eventstream (~> 1, >= 1.3.0)
      aws-partitions (~> 1, >= 1.992.0)
      aws-sigv4 (~> 1.9)
      base64
      bigdecimal
      jmespath (~> 1, >= 1.6.1)
      logger
    aws-sdk-dynamodb (1.168.0)
      aws-sdk-core (~> 3, >= 3.248.0)
      aws-sigv4 (~> 1.5)
    aws-sdk-eventbridge (1.101.0)
      aws-sdk-core (~> 3, >= 3.248.0)
      aws-sigv4 (~> 1.5)
    aws-sdk-scheduler (1.48.0)
      aws-sdk-core (~> 3, >= 3.248.0)
      aws-sigv4 (~> 1.1)
    aws-sigv4 (1.12.1)
      aws-eventstream (~> 1, >= 1.0.2)
    base64 (0.3.0)
    bigdecimal (4.1.2)
    jmespath (1.6.2)
    logger (1.7.0)
    ostruct (0.6.3)
    yake (1.2.1)
      logger
      ostruct

PLATFORMS
  aarch64-linux
  ruby

DEPENDENCIES
  aws-sdk-dynamodb
  aws-sdk-eventbridge
  aws-sdk-scheduler
  bigdecimal
  yake

CHECKSUMS
  aws-eventstream (1.4.0) sha256=116bf85c436200d1060811e6f5d2d40c88f65448f2125bc77ffce5121e6e183b
  aws-partitions (1.1256.0) sha256=d497b54defeed306816eebadfe2d2246d3314643e05c586043aea91d70d1ec96
  aws-sdk-core (3.251.0) sha256=ef8186cb5509147e590310da58fab4c5b0901eba0e85a72955abdf772e425c87
  aws-sdk-dynamodb (1.168.0) sha256=9bd479a23c6ab006130c7c1ebf5f9dd4c05d90ce03255f69ca8d04748fef0aec
  aws-sdk-eventbridge (1.101.0) sha256=ac7e52f691940c107e2e0e3ea69fb29ba606b80bebec7223518dddee575e48ec
  aws-sdk-scheduler (1.48.0) sha256=c78c6f67f462829b247e692a090d0a28101f8216321bbf88bd9f32c5ef2c6d2b
  aws-sigv4 (1.12.1) sha256=6973ff95cb0fd0dc58ba26e90e9510a2219525d07620c8babeb70ef831826c00
  base64 (0.3.0) sha256=27337aeabad6ffae05c265c450490628ef3ebd4b67be58257393227588f5a97b
  bigdecimal (4.1.2) sha256=53d217666027eab4280346fba98e7d5b66baaae1b9c3c1c0ffe89d48188a3fbd
  jmespath (1.6.2) sha256=238d774a58723d6c090494c8879b5e9918c19485f7e840f2c1c7532cf84ebcb1
  logger (1.7.0) sha256=196edec7cc44b66cfb40f9755ce11b392f21f7967696af15d274dde7edff0203
  ostruct (0.6.3) sha256=95a2ed4a4bd1d190784e666b47b2d3f078e4a9efda2fccf18f84ddc6538ed912
  yake (1.2.1) sha256=16f5901648c4d37df8fffdcfc10f6912fa922f03651634354d52ef8c29268f44

BUNDLED WITH
  4.0.11
