GEM
  remote: https://rubygems.org/
  specs:
    aws-eventstream (1.4.0)
    aws-partitions (1.1182.0)
    aws-sdk-core (3.237.0)
      aws-eventstream (~> 1, >= 1.3.0)
      aws-partitions (~> 1, >= 1.992.0)
      aws-sigv4 (~> 1.9)
      base64
      bigdecimal
      jmespath (~> 1, >= 1.6.1)
      logger
    aws-sdk-eventbridge (1.92.0)
      aws-sdk-core (~> 3, >= 3.234.0)
      aws-sigv4 (~> 1.5)
    aws-sdk-ssm (1.206.0)
      aws-sdk-core (~> 3, >= 3.234.0)
      aws-sigv4 (~> 1.5)
    aws-sigv4 (1.12.1)
      aws-eventstream (~> 1, >= 1.0.2)
    base64 (0.3.0)
    bigdecimal (3.3.1)
    jmespath (1.6.2)
    logger (1.7.0)
    ostruct (0.6.3)
    yake (1.2.1)
      logger
      ostruct

PLATFORMS
  arm64-darwin-24
  ruby

DEPENDENCIES
  aws-sdk-eventbridge
  aws-sdk-ssm
  yake

BUNDLED WITH
   2.7.2
