GEM
  remote: https://rubygems.org/
  specs:
    aws-eventstream (1.4.0)
    aws-partitions (1.1269.0)
    aws-sdk-core (3.254.0)
      aws-eventstream (~> 1, >= 1.3.0)
      aws-partitions (~> 1, >= 1.992.0)
      aws-sigv4 (~> 1.9)
      base64
      bigdecimal
      jmespath (~> 1, >= 1.6.1)
      logger
    aws-sdk-ssm (1.219.0)
      aws-sdk-core (~> 3, >= 3.254.0)
      aws-sigv4 (~> 1.5)
    aws-sigv4 (1.12.1)
      aws-eventstream (~> 1, >= 1.0.2)
    base64 (0.3.0)
    bigdecimal (4.1.2)
    jmespath (1.6.2)
    logger (1.7.0)
    x (0.19.0)
      base64 (>= 0.2)
    yake (1.3.0)
      logger

PLATFORMS
  aarch64-linux
  ruby

DEPENDENCIES
  aws-sdk-ssm
  x
  yake

CHECKSUMS
  aws-eventstream (1.4.0) sha256=116bf85c436200d1060811e6f5d2d40c88f65448f2125bc77ffce5121e6e183b
  aws-partitions (1.1269.0) sha256=80beca6c8a35ddfc11b0b529424ea6167ace3da92cd7368847ce694679dedea5
  aws-sdk-core (3.254.0) sha256=ee3e3220b8468a3c9e59daba18e6ec897bf5c7ce8adcc0670cfa2f1f092112fe
  aws-sdk-ssm (1.219.0) sha256=1df0c5d764a5f5c0b642bbafabd7dd0414be1dc118b5113a88b7f1daad982cb1
  aws-sigv4 (1.12.1) sha256=6973ff95cb0fd0dc58ba26e90e9510a2219525d07620c8babeb70ef831826c00
  base64 (0.3.0) sha256=27337aeabad6ffae05c265c450490628ef3ebd4b67be58257393227588f5a97b
  bigdecimal (4.1.2) sha256=53d217666027eab4280346fba98e7d5b66baaae1b9c3c1c0ffe89d48188a3fbd
  jmespath (1.6.2) sha256=238d774a58723d6c090494c8879b5e9918c19485f7e840f2c1c7532cf84ebcb1
  logger (1.7.0) sha256=196edec7cc44b66cfb40f9755ce11b392f21f7967696af15d274dde7edff0203
  x (0.19.0) sha256=98fe268ff405572b1ab9181526972008c009c2aec11236b1b24e2d57a02478c0
  yake (1.3.0) sha256=0d97b44dd68ddfc625ba81ff98202df056b9a425c4ed562badd745dfff32eaeb

BUNDLED WITH
  4.0.16
